<?xml version="1.0" encoding="utf-8"?>
<Project ToolsVersion="17.0" xmlns="http://schemas.microsoft.com/developer/msbuild/2003">
  <ItemGroup>
    <CustomBuild Include="C:\CSU\noGame\noTerraria\proj.win32\CMakeFiles\16bb7d78847829d35497bc91901729cd\generate.stamp.rule">
      <Filter>CMake Rules</Filter>
    </CustomBuild>
  </ItemGroup>
  <ItemGroup>
    <Filter Include="CMake Rules">
      <UniqueIdentifier>{CEC80ADC-273E-3982-82BC-CFD61DEBF103}</UniqueIdentifier>
    </Filter>
  </ItemGroup>
</Project>
